// !$*UTF8*$!
{
	archiveVersion = 1;
	classes = {
	};
	objectVersion = 56;
	objects = {

/* Begin PBXBuildFile section */
		933E808129F69D2000822CAF /* WebSplitAppApp.swift in Sources */ = {isa = PBXBuildFile; fileRef = 933E808029F69D2000822CAF /* WebSplitAppApp.swift */; };
		933E808329F69D2000822CAF /* ContentView.swift in Sources */ = {isa = PBXBuildFile; fileRef = 933E808229F69D2000822CAF /* ContentView.swift */; };
		933E808529F69D2100822CAF /* Assets.xcassets in Resources */ = {isa = PBXBuildFile; fileRef = 933E808429F69D2100822CAF /* Assets.xcassets */; };
		933E808829F69D2100822CAF /* Preview Assets.xcassets in Resources */ = {isa = PBXBuildFile; fileRef = 933E808729F69D2100822CAF /* Preview Assets.xcassets */; };
		933E809229F69D2100822CAF /* WebSplitAppTests.swift in Sources */ = {isa = PBXBuildFile; fileRef = 933E809129F69D2100822CAF /* WebSplitAppTests.swift */; };
		933E809C29F69D2100822CAF /* WebSplitAppUITests.swift in Sources */ = {isa = PBXBuildFile; fileRef = 933E809B29F69D2100822CAF /* WebSplitAppUITests.swift */; };
		933E809E29F69D2100822CAF /* WebSplitAppUITestsLaunchTests.swift in Sources */ = {isa = PBXBuildFile; fileRef = 933E809D29F69D2100822CAF /* WebSplitAppUITestsLaunchTests.swift */; };
/* End PBXBuildFile section */

/* Begin PBXContainerItemProxy section */
		933E808E29F69D2100822CAF /* PBXContainerItemProxy */ = {
			isa = PBXContainerItemProxy;
			containerPortal = 933E807529F69D2000822CAF /* Project object */;
			proxyType = 1;
			remoteGlobalIDString = 933E807C29F69D2000822CAF;
			remoteInfo = WebSplitApp;
		};
		933E809829F69D2100822CAF /* PBXContainerItemProxy */ = {
			isa = PBXContainerItemProxy;
			containerPortal = 933E807529F69D2000822CAF /* Project object */;
			proxyType = 1;
			remoteGlobalIDString = 933E807C29F69D2000822CAF;
			remoteInfo = WebSplitApp;
		};
/* End PBXContainerItemProxy section */

/* Begin PBXFileReference section */
		933E807D29F69D2000822CAF /* WebSplitApp.app */ = {isa = PBXFileReference; explicitFileType = wrapper.application; includeInIndex = 0; path = WebSplitApp.app; sourceTree = BUILT_PRODUCTS_DIR; };
		933E808029F69D2000822CAF /* WebSplitAppApp.swift */ = {isa = PBXFileReference; lastKnownFileType = sourcecode.swift; path = WebSplitAppApp.swift; sourceTree = "<group>"; };
		933E808229F69D2000822CAF /* ContentView.swift */ = {isa = PBXFileReference; lastKnownFileType = sourcecode.swift; path = ContentView.swift; sourceTree = "<group>"; };
		933E808429F69D2100822CAF /* Assets.xcassets */ = {isa = PBXFileReference; lastKnownFileType = folder.assetcatalog; path = Assets.xcassets; sourceTree = "<group>"; };
		933E808729F69D2100822CAF /* Preview Assets.xcassets */ = {isa = PBXFileReference; lastKnownFileType = folder.assetcatalog; path = "Preview Assets.xcassets"; sourceTree = "<group>"; };
		933E808D29F69D2100822CAF /* WebSplitAppTests.xctest */ = {isa = PBXFileReference; explicitFileType = wrapper.cfbundle; includeInIndex = 0; path = WebSplitAppTests.xctest; sourceTree = BUILT_PRODUCTS_DIR; };
		933E809129F69D2100822CAF /* WebSplitAppTests.swift */ = {isa = PBXFileReference; lastKnownFileType = sourcecode.swift; path = WebSplitAppTests.swift; sourceTree = "<group>"; };
		933E809729F69D2100822CAF /* WebSplitAppUITests.xctest */ = {isa = PBXFileReference; explicitFileType = wrapper.cfbundle; includeInIndex = 0; path = WebSplitAppUITests.xctest; sourceTree = BUILT_PRODUCTS_DIR; };
		933E809B29F69D2100822CAF /* WebSplitAppUITests.swift */ = {isa = PBXFileReference; lastKnownFileType = sourcecode.swift; path = WebSplitAppUITests.swift; sourceTree = "<group>"; };
		933E809D29F69D2100822CAF /* WebSplitAppUITestsLaunchTests.swift */ = {isa = PBXFileReference; lastKnownFileType = sourcecode.swift; path = WebSplitAppUITestsLaunchTests.swift; sourceTree = "<group>"; };
/* End PBXFileReference section */

/* Begin PBXFrameworksBuildPhase section */
		933E807A29F69D2000822CAF /* Frameworks */ = {
			isa = PBXFrameworksBuildPhase;
			buildActionMask = 2147483647;
			files = (
			);
			runOnlyForDeploymentPostprocessing = 0;
		};
		933E808A29F69D2100822CAF /* Frameworks */ = {
			isa = PBXFrameworksBuildPhase;
			buildActionMask = 2147483647;
			files = (
			);
			runOnlyForDeploymentPostprocessing = 0;
		};
		933E809429F69D2100822CAF /* Frameworks */ = {
			isa = PBXFrameworksBuildPhase;
			buildActionMask = 2147483647;
			files = (
			);
			runOnlyForDeploymentPostprocessing = 0;
		};
/* End PBXFrameworksBuildPhase section */

/* Begin PBXGroup section */
		933E807429F69D2000822CAF = {
			isa = PBXGroup;
			children = (
				933E807F29F69D2000822CAF /* WebSplitApp */,
				933E809029F69D2100822CAF /* WebSplitAppTests */,
				933E809A29F69D2100822CAF /* WebSplitAppUITests */,
				933E807E29F69D2000822CAF /* Products */,
			);
			sourceTree = "<group>";
		};
		933E807E29F69D2000822CAF /* Products */ = {
			isa = PBXGroup;
			children = (
				933E807D29F69D2000822CAF /* WebSplitApp.app */,
				933E808D29F69D2100822CAF /* WebSplitAppTests.xctest */,
				933E809729F69D2100822CAF /* WebSplitAppUITests.xctest */,
			);
			name = Products;
			sourceTree = "<group>";
		};
		933E807F29F69D2000822CAF /* WebSplitApp */ = {
			isa = PBXGroup;
			children = (
				933E808029F69D2000822CAF /* WebSplitAppApp.swift */,
				933E808229F69D2000822CAF /* ContentView.swift */,
				933E808429F69D2100822CAF /* Assets.xcassets */,
				933E808629F69D2100822CAF /* Preview Content */,
			);
			path = WebSplitApp;
			sourceTree = "<group>";
		};
		933E808629F69D2100822CAF /* Preview Content */ = {
			isa = PBXGroup;
			children = (
				933E808729F69D2100822CAF /* Preview Assets.xcassets */,
			);
			path = "Preview Content";
			sourceTree = "<group>";
		};
		933E809029F69D2100822CAF /* WebSplitAppTests */ = {
			isa = PBXGroup;
			children = (
				933E809129F69D2100822CAF /* WebSplitAppTests.swift */,
			);
			path = WebSplitAppTests;
			sourceTree = "<group>";
		};
		933E809A29F69D2100822CAF /* WebSplitAppUITests */ = {
			isa = PBXGroup;
			children = (
				933E809B29F69D2100822CAF /* WebSplitAppUITests.swift */,
				933E809D29F69D2100822CAF /* WebSplitAppUITestsLaunchTests.swift */,
			);
			path = WebSplitAppUITests;
			sourceTree = "<group>";
		};
/* End PBXGroup section */

/* Begin PBXNativeTarget section */
		933E807C29F69D2000822CAF /* WebSplitApp */ = {
			isa = PBXNativeTarget;
			buildConfigurationList = 933E80A129F69D2100822CAF /* Build configuration list for PBXNativeTarget "WebSplitApp" */;
			buildPhases = (
				933E807929F69D2000822CAF /* Sources */,
				933E807A29F69D2000822CAF /* Frameworks */,
				933E807B29F69D2000822CAF /* Resources */,
			);
			buildRules = (
			);
			dependencies = (
			);
			name = WebSplitApp;
			productName = WebSplitApp;
			productReference = 933E807D29F69D2000822CAF /* WebSplitApp.app */;
			productType = "com.apple.product-type.application";
		};
		933E808C29F69D2100822CAF /* WebSplitAppTests */ = {
			isa = PBXNativeTarget;
			buildConfigurationList = 933E80A429F69D2100822CAF /* Build configuration list for PBXNativeTarget "WebSplitAppTests" */;
			buildPhases = (
				933E808929F69D2100822CAF /* Sources */,
				933E808A29F69D2100822CAF /* Frameworks */,
				933E808B29F69D2100822CAF /* Resources */,
			);
			buildRules = (
			);
			dependencies = (
				933E808F29F69D2100822CAF /* PBXTargetDependency */,
			);
			name = WebSplitAppTests;
			productName = WebSplitAppTests;
			productReference = 933E808D29F69D2100822CAF /* WebSplitAppTests.xctest */;
			productType = "com.apple.product-type.bundle.unit-test";
		};
		933E809629F69D2100822CAF /* WebSplitAppUITests */ = {
			isa = PBXNativeTarget;
			buildConfigurationList = 933E80A729F69D2100822CAF /* Build configuration list for PBXNativeTarget "WebSplitAppUITests" */;
			buildPhases = (
				933E809329F69D2100822CAF /* Sources */,
				933E809429F69D2100822CAF /* Frameworks */,
				933E809529F69D2100822CAF /* Resources */,
			);
			buildRules = (
			);
			dependencies = (
				933E809929F69D2100822CAF /* PBXTargetDependency */,
			);
			name = WebSplitAppUITests;
			productName = WebSplitAppUITests;
			productReference = 933E809729F69D2100822CAF /* WebSplitAppUITests.xctest */;
			productType = "com.apple.product-type.bundle.ui-testing";
		};
/* End PBXNativeTarget section */

/* Begin PBXProject section */
		933E807529F69D2000822CAF /* Project object */ = {
			isa = PBXProject;
			attributes = {
				BuildIndependentTargetsInParallel = 1;
				LastSwiftUpdateCheck = 1420;
				LastUpgradeCheck = 1420;
				TargetAttributes = {
					933E807C29F69D2000822CAF = {
						CreatedOnToolsVersion = 14.2;
					};
					933E808C29F69D2100822CAF = {
						CreatedOnToolsVersion = 14.2;
						TestTargetID = 933E807C29F69D2000822CAF;
					};
					933E809629F69D2100822CAF = {
						CreatedOnToolsVersion = 14.2;
						TestTargetID = 933E807C29F69D2000822CAF;
					};
				};
			};
			buildConfigurationList = 933E807829F69D2000822CAF /* Build configuration list for PBXProject "WebSplitApp" */;
			compatibilityVersion = "Xcode 14.0";
			developmentRegion = en;
			hasScannedForEncodings = 0;
			knownRegions = (
				en,
				Base,
			);
			mainGroup = 933E807429F69D2000822CAF;
			productRefGroup = 933E807E29F69D2000822CAF /* Products */;
			projectDirPath = "";
			projectRoot = "";
			targets = (
				933E807C29F69D2000822CAF /* WebSplitApp */,
				933E808C29F69D2100822CAF /* WebSplitAppTests */,
				933E809629F69D2100822CAF /* WebSplitAppUITests */,
			);
		};
/* End PBXProject section */

/* Begin PBXResourcesBuildPhase section */
		933E807B29F69D2000822CAF /* Resources */ = {
			isa = PBXResourcesBuildPhase;
			buildActionMask = 2147483647;
			files = (
				933E808829F69D2100822CAF /* Preview Assets.xcassets in Resources */,
				933E808529F69D2100822CAF /* Assets.xcassets in Resources */,
			);
			runOnlyForDeploymentPostprocessing = 0;
		};
		933E808B29F69D2100822CAF /* Resources */ = {
			isa = PBXResourcesBuildPhase;
			buildActionMask = 2147483647;
			files = (
			);
			runOnlyForDeploymentPostprocessing = 0;
		};
		933E809529F69D2100822CAF /* Resources */ = {
			isa = PBXResourcesBuildPhase;
			buildActionMask = 2147483647;
			files = (
			);
			runOnlyForDeploymentPostprocessing = 0;
		};
/* End PBXResourcesBuildPhase section */

/* Begin PBXSourcesBuildPhase section */
		933E807929F69D2000822CAF /* Sources */ = {
			isa = PBXSourcesBuildPhase;
			buildActionMask = 2147483647;
			files = (
				933E808329F69D2000822CAF /* ContentView.swift in Sources */,
				933E808129F69D2000822CAF /* WebSplitAppApp.swift in Sources */,
			);
			runOnlyForDeploymentPostprocessing = 0;
		};
		933E808929F69D2100822CAF /* Sources */ = {
			isa = PBXSourcesBuildPhase;
			buildActionMask = 2147483647;
			files = (
				933E809229F69D2100822CAF /* WebSplitAppTests.swift in Sources */,
			);
			runOnlyForDeploymentPostprocessing = 0;
		};
		933E809329F69D2100822CAF /* Sources */ = {
			isa = PBXSourcesBuildPhase;
			buildActionMask = 2147483647;
			files = (
				933E809E29F69D2100822CAF /* WebSplitAppUITestsLaunchTests.swift in Sources */,
				933E809C29F69D2100822CAF /* WebSplitAppUITests.swift in Sources */,
			);
			runOnlyForDeploymentPostprocessing = 0;
		};
/* End PBXSourcesBuildPhase section */

/* Begin PBXTargetDependency section */
		933E808F29F69D2100822CAF /* PBXTargetDependency */ = {
			isa = PBXTargetDependency;
			target = 933E807C29F69D2000822CAF /* WebSplitApp */;
			targetProxy = 933E808E29F69D2100822CAF /* PBXContainerItemProxy */;
		};
		933E809929F69D2100822CAF /* PBXTargetDependency */ = {
			isa = PBXTargetDependency;
			target = 933E807C29F69D2000822CAF /* WebSplitApp */;
			targetProxy = 933E809829F69D2100822CAF /* PBXContainerItemProxy */;
		};
/* End PBXTargetDependency section */

/* Begin XCBuildConfiguration section */
		933E809F29F69D2100822CAF /* Debug */ = {
			isa = XCBuildConfiguration;
			buildSettings = {
				ALWAYS_SEARCH_USER_PATHS = NO;
				CLANG_ANALYZER_NONNULL = YES;
				CLANG_ANALYZER_NUMBER_OBJECT_CONVERSION = YES_AGGRESSIVE;
				CLANG_CXX_LANGUAGE_STANDARD = "gnu++20";
				CLANG_ENABLE_MODULES = YES;
				CLANG_ENABLE_OBJC_ARC = YES;
				CLANG_ENABLE_OBJC_WEAK = YES;
				CLANG_WARN_BLOCK_CAPTURE_AUTORELEASING = YES;
				CLANG_WARN_BOOL_CONVERSION = YES;
				CLANG_WARN_COMMA = YES;
				CLANG_WARN_CONSTANT_CONVERSION = YES;
				CLANG_WARN_DEPRECATED_OBJC_IMPLEMENTATIONS = YES;
				CLANG_WARN_DIRECT_OBJC_ISA_USAGE = YES_ERROR;
				CLANG_WARN_DOCUMENTATION_COMMENTS = YES;
				CLANG_WARN_EMPTY_BODY = YES;
				CLANG_WARN_ENUM_CONVERSION = YES;
				CLANG_WARN_INFINITE_RECURSION = YES;
				CLANG_WARN_INT_CONVERSION = YES;
				CLANG_WARN_NON_LITERAL_NULL_CONVERSION = YES;
				CLANG_WARN_OBJC_IMPLICIT_RETAIN_SELF = YES;
				CLANG_WARN_OBJC_LITERAL_CONVERSION = YES;
				CLANG_WARN_OBJC_ROOT_CLASS = YES_ERROR;
				CLANG_WARN_QUOTED_INCLUDE_IN_FRAMEWORK_HEADER = YES;
				CLANG_WARN_RANGE_LOOP_ANALYSIS = YES;
				CLANG_WARN_STRICT_PROTOTYPES = YES;
				CLANG_WARN_SUSPICIOUS_MOVE = YES;
				CLANG_WARN_UNGUARDED_AVAILABILITY = YES_AGGRESSIVE;
				CLANG_WARN_UNREACHABLE_CODE = YES;
				CLANG_WARN__DUPLICATE_METHOD_MATCH = YES;
				COPY_PHASE_STRIP = NO;
				DEBUG_INFORMATION_FORMAT = dwarf;
				ENABLE_STRICT_OBJC_MSGSEND = YES;
				ENABLE_TESTABILITY = YES;
				GCC_C_LANGUAGE_STANDARD = gnu11;
				GCC_DYNAMIC_NO_PIC = NO;
				GCC_NO_COMMON_BLOCKS = YES;
				GCC_OPTIMIZATION_LEVEL = 0;
				GCC_PREPROCESSOR_DEFINITIONS = (
					"DEBUG=1",
					"$(inherited)",
				);
				GCC_WARN_64_TO_32_BIT_CONVERSION = YES;
				GCC_WARN_ABOUT_RETURN_TYPE = YES_ERROR;
				GCC_WARN_UNDECLARED_SELECTOR = YES;
				GCC_WARN_UNINITIALIZED_AUTOS = YES_AGGRESSIVE;
				GCC_WARN_UNUSED_FUNCTION = YES;
				GCC_WARN_UNUSED_VARIABLE = YES;
				IPHONEOS_DEPLOYMENT_TARGET = 16.2;
				MTL_ENABLE_DEBUG_INFO = INCLUDE_SOURCE;
				MTL_FAST_MATH = YES;
				ONLY_ACTIVE_ARCH = YES;
				SDKROOT = iphoneos;
				SWIFT_ACTIVE_COMPILATION_CONDITIONS = DEBUG;
				SWIFT_OPTIMIZATION_LEVEL = "-Onone";
			};
			name = Debug;
		};
		933E80A029F69D2100822CAF /* Release */ = {
			isa = XCBuildConfiguration;
			buildSettings = {
				ALWAYS_SEARCH_USER_PATHS = NO;
				CLANG_ANALYZER_NONNULL = YES;
				CLANG_ANALYZER_NUMBER_OBJECT_CONVERSION = YES_AGGRESSIVE;
				CLANG_CXX_LANGUAGE_STANDARD = "gnu++20";
				CLANG_ENABLE_MODULES = YES;
				CLANG_ENABLE_OBJC_ARC = YES;
				CLANG_ENABLE_OBJC_WEAK = YES;
				CLANG_WARN_BLOCK_CAPTURE_AUTORELEASING = YES;
				CLANG_WARN_BOOL_CONVERSION = YES;
				CLANG_WARN_COMMA = YES;
				CLANG_WARN_CONSTANT_CONVERSION = YES;
				CLANG_WARN_DEPRECATED_OBJC_IMPLEMENTATIONS = YES;
				CLANG_WARN_DIRECT_OBJC_ISA_USAGE = YES_ERROR;
				CLANG_WARN_DOCUMENTATION_COMMENTS = YES;
				CLANG_WARN_EMPTY_BODY = YES;
				CLANG_WARN_ENUM_CONVERSION = YES;
				CLANG_WARN_INFINITE_RECURSION = YES;
				CLANG_WARN_INT_CONVERSION = YES;
				CLANG_WARN_NON_LITERAL_NULL_CONVERSION = YES;
				CLANG_WARN_OBJC_IMPLICIT_RETAIN_SELF = YES;
				CLANG_WARN_OBJC_LITERAL_CONVERSION = YES;
				CLANG_WARN_OBJC_ROOT_CLASS = YES_ERROR;
				CLANG_WARN_QUOTED_INCLUDE_IN_FRAMEWORK_HEADER = YES;
				CLANG_WARN_RANGE_LOOP_ANALYSIS = YES;
				CLANG_WARN_STRICT_PROTOTYPES = YES;
				CLANG_WARN_SUSPICIOUS_MOVE = YES;
				CLANG_WARN_UNGUARDED_AVAILABILITY = YES_AGGRESSIVE;
				CLANG_WARN_UNREACHABLE_CODE = YES;
				CLANG_WARN__DUPLICATE_METHOD_MATCH = YES;
				COPY_PHASE_STRIP = NO;
				DEBUG_INFORMATION_FORMAT = "dwarf-with-dsym";
				ENABLE_NS_ASSERTIONS = NO;
				ENABLE_STRICT_OBJC_MSGSEND = YES;
				GCC_C_LANGUAGE_STANDARD = gnu11;
				GCC_NO_COMMON_BLOCKS = YES;
				GCC_WARN_64_TO_32_BIT_CONVERSION = YES;
				GCC_WARN_ABOUT_RETURN_TYPE = YES_ERROR;
				GCC_WARN_UNDECLARED_SELECTOR = YES;
				GCC_WARN_UNINITIALIZED_AUTOS = YES_AGGRESSIVE;
				GCC_WARN_UNUSED_FUNCTION = YES;
				GCC_WARN_UNUSED_VARIABLE = YES;
				IPHONEOS_DEPLOYMENT_TARGET = 16.2;
				MTL_ENABLE_DEBUG_INFO = NO;
				MTL_FAST_MATH = YES;
				SDKROOT = iphoneos;
				SWIFT_COMPILATION_MODE = wholemodule;
				SWIFT_OPTIMIZATION_LEVEL = "-O";
				VALIDATE_PRODUCT = YES;
			};
			name = Release;
		};
		933E80A229F69D2100822CAF /* Debug */ = {
			isa = XCBuildConfiguration;
			buildSettings = {
				ASSETCATALOG_COMPILER_APPICON_NAME = AppIcon;
				ASSETCATALOG_COMPILER_GLOBAL_ACCENT_COLOR_NAME = AccentColor;
				CODE_SIGN_STYLE = Automatic;
				CURRENT_PROJECT_VERSION = 1;
				DEVELOPMENT_ASSET_PATHS = "\"WebSplitApp/Preview Content\"";
				ENABLE_PREVIEWS = YES;
				GENERATE_INFOPLIST_FILE = YES;
				INFOPLIST_KEY_UIApplicationSceneManifest_Generation = YES;
				INFOPLIST_KEY_UIApplicationSupportsIndirectInputEvents = YES;
				INFOPLIST_KEY_UILaunchScreen_Generation = YES;
				INFOPLIST_KEY_UISupportedInterfaceOrientations_iPad = "UIInterfaceOrientationPortrait UIInterfaceOrientationPortraitUpsideDown UIInterfaceOrientationLandscapeLeft UIInterfaceOrientationLandscapeRight";
				INFOPLIST_KEY_UISupportedInterfaceOrientations_iPhone = "UIInterfaceOrientationPortrait UIInterfaceOrientationLandscapeLeft UIInterfaceOrientationLandscapeRight";
				LD_RUNPATH_SEARCH_PATHS = (
					"$(inherited)",
					"@executable_path/Frameworks",
				);
				MARKETING_VERSION = 1.0;
				PRODUCT_BUNDLE_IDENTIFIER = jostin.WebSplitApp;
				PRODUCT_NAME = "$(TARGET_NAME)";
				SWIFT_EMIT_LOC_STRINGS = YES;
				SWIFT_VERSION = 5.0;
				TARGETED_DEVICE_FAMILY = "1,2";
			};
			name = Debug;
		};
		933E80A329F69D2100822CAF /* Release */ = {
			isa = XCBuildConfiguration;
			buildSettings = {
				ASSETCATALOG_COMPILER_APPICON_NAME = AppIcon;
				ASSETCATALOG_COMPILER_GLOBAL_ACCENT_COLOR_NAME = AccentColor;
				CODE_SIGN_STYLE = Automatic;
				CURRENT_PROJECT_VERSION = 1;
				DEVELOPMENT_ASSET_PATHS = "\"WebSplitApp/Preview Content\"";
				ENABLE_PREVIEWS = YES;
				GENERATE_INFOPLIST_FILE = YES;
				INFOPLIST_KEY_UIApplicationSceneManifest_Generation = YES;
				INFOPLIST_KEY_UIApplicationSupportsIndirectInputEvents = YES;
				INFOPLIST_KEY_UILaunchScreen_Generation = YES;
				INFOPLIST_KEY_UISupportedInterfaceOrientations_iPad = "UIInterfaceOrientationPortrait UIInterfaceOrientationPortraitUpsideDown UIInterfaceOrientationLandscapeLeft UIInterfaceOrientationLandscapeRight";
				INFOPLIST_KEY_UISupportedInterfaceOrientations_iPhone = "UIInterfaceOrientationPortrait UIInterfaceOrientationLandscapeLeft UIInterfaceOrientationLandscapeRight";
				LD_RUNPATH_SEARCH_PATHS = (
					"$(inherited)",
					"@executable_path/Frameworks",
				);
				MARKETING_VERSION = 1.0;
				PRODUCT_BUNDLE_IDENTIFIER = jostin.WebSplitApp;
				PRODUCT_NAME = "$(TARGET_NAME)";
				SWIFT_EMIT_LOC_STRINGS = YES;
				SWIFT_VERSION = 5.0;
				TARGETED_DEVICE_FAMILY = "1,2";
			};
			name = Release;
		};
		933E80A529F69D2100822CAF /* Debug */ = {
			isa = XCBuildConfiguration;
			buildSettings = {
				ALWAYS_EMBED_SWIFT_STANDARD_LIBRARIES = YES;
				BUNDLE_LOADER = "$(TEST_HOST)";
				CODE_SIGN_STYLE = Automatic;
				CURRENT_PROJECT_VERSION = 1;
				GENERATE_INFOPLIST_FILE = YES;
				IPHONEOS_DEPLOYMENT_TARGET = 16.2;
				MARKETING_VERSION = 1.0;
				PRODUCT_BUNDLE_IDENTIFIER = jostin.WebSplitAppTests;
				PRODUCT_NAME = "$(TARGET_NAME)";
				SWIFT_EMIT_LOC_STRINGS = NO;
				SWIFT_VERSION = 5.0;
				TARGETED_DEVICE_FAMILY = "1,2";
				TEST_HOST = "$(BUILT_PRODUCTS_DIR)/WebSplitApp.app/$(BUNDLE_EXECUTABLE_FOLDER_PATH)/WebSplitApp";
			};
			name = Debug;
		};
		933E80A629F69D2100822CAF /* Release */ = {
			isa = XCBuildConfiguration;
			buildSettings = {
				ALWAYS_EMBED_SWIFT_STANDARD_LIBRARIES = YES;
				BUNDLE_LOADER = "$(TEST_HOST)";
				CODE_SIGN_STYLE = Automatic;
				CURRENT_PROJECT_VERSION = 1;
				GENERATE_INFOPLIST_FILE = YES;
				IPHONEOS_DEPLOYMENT_TARGET = 16.2;
				MARKETING_VERSION = 1.0;
				PRODUCT_BUNDLE_IDENTIFIER = jostin.WebSplitAppTests;
				PRODUCT_NAME = "$(TARGET_NAME)";
				SWIFT_EMIT_LOC_STRINGS = NO;
				SWIFT_VERSION = 5.0;
				TARGETED_DEVICE_FAMILY = "1,2";
				TEST_HOST = "$(BUILT_PRODUCTS_DIR)/WebSplitApp.app/$(BUNDLE_EXECUTABLE_FOLDER_PATH)/WebSplitApp";
			};
			name = Release;
		};
		933E80A829F69D2100822CAF /* Debug */ = {
			isa = XCBuildConfiguration;
			buildSettings = {
				ALWAYS_EMBED_SWIFT_STANDARD_LIBRARIES = YES;
				CODE_SIGN_STYLE = Automatic;
				CURRENT_PROJECT_VERSION = 1;
				GENERATE_INFOPLIST_FILE = YES;
				MARKETING_VERSION = 1.0;
				PRODUCT_BUNDLE_IDENTIFIER = jostin.WebSplitAppUITests;
				PRODUCT_NAME = "$(TARGET_NAME)";
				SWIFT_EMIT_LOC_STRINGS = NO;
				SWIFT_VERSION = 5.0;
				TARGETED_DEVICE_FAMILY = "1,2";
				TEST_TARGET_NAME = WebSplitApp;
			};
			name = Debug;
		};
		933E80A929F69D2100822CAF /* Release */ = {
			isa = XCBuildConfiguration;
			buildSettings = {
				ALWAYS_EMBED_SWIFT_STANDARD_LIBRARIES = YES;
				CODE_SIGN_STYLE = Automatic;
				CURRENT_PROJECT_VERSION = 1;
				GENERATE_INFOPLIST_FILE = YES;
				MARKETING_VERSION = 1.0;
				PRODUCT_BUNDLE_IDENTIFIER = jostin.WebSplitAppUITests;
				PRODUCT_NAME = "$(TARGET_NAME)";
				SWIFT_EMIT_LOC_STRINGS = NO;
				SWIFT_VERSION = 5.0;
				TARGETED_DEVICE_FAMILY = "1,2";
				TEST_TARGET_NAME = WebSplitApp;
			};
			name = Release;
		};
/* End XCBuildConfiguration section */

/* Begin XCConfigurationList section */
		933E807829F69D2000822CAF /* Build configuration list for PBXProject "WebSplitApp" */ = {
			isa = XCConfigurationList;
			buildConfigurations = (
				933E809F29F69D2100822CAF /* Debug */,
				933E80A029F69D2100822CAF /* Release */,
			);
			defaultConfigurationIsVisible = 0;
			defaultConfigurationName = Release;
		};
		933E80A129F69D2100822CAF /* Build configuration list for PBXNativeTarget "WebSplitApp" */ = {
			isa = XCConfigurationList;
			buildConfigurations = (
				933E80A229F69D2100822CAF /* Debug */,
				933E80A329F69D2100822CAF /* Release */,
			);
			defaultConfigurationIsVisible = 0;
			defaultConfigurationName = Release;
		};
		933E80A429F69D2100822CAF /* Build configuration list for PBXNativeTarget "WebSplitAppTests" */ = {
			isa = XCConfigurationList;
			buildConfigurations = (
				933E80A529F69D2100822CAF /* Debug */,
				933E80A629F69D2100822CAF /* Release */,
			);
			defaultConfigurationIsVisible = 0;
			defaultConfigurationName = Release;
		};
		933E80A729F69D2100822CAF /* Build configuration list for PBXNativeTarget "WebSplitAppUITests" */ = {
			isa = XCConfigurationList;
			buildConfigurations = (
				933E80A829F69D2100822CAF /* Debug */,
				933E80A929F69D2100822CAF /* Release */,
			);
			defaultConfigurationIsVisible = 0;
			defaultConfigurationName = Release;
		};
/* End XCConfigurationList section */
	};
	rootObject = 933E807529F69D2000822CAF /* Project object */;
}
